// !$*UTF8*$!
{
	archiveVersion = 1;
	classes = {
	};
	objectVersion = 55;
	objects = {

/* Begin PBXBuildFile section */
		8A146C992776ED2000220F40 /* AppDelegate.swift in Sources */ = {isa = PBXBuildFile; fileRef = 8A146C982776ED2000220F40 /* AppDelegate.swift */; };
		8A146C9B2776ED2000220F40 /* SceneDelegate.swift in Sources */ = {isa = PBXBuildFile; fileRef = 8A146C9A2776ED2000220F40 /* SceneDelegate.swift */; };
		8A146C9D2776ED2000220F40 /* ViewController.swift in Sources */ = {isa = PBXBuildFile; fileRef = 8A146C9C2776ED2000220F40 /* ViewController.swift */; };
		8A146CA02776ED2000220F40 /* Main.storyboard in Resources */ = {isa = PBXBuildFile; fileRef = 8A146C9E2776ED2000220F40 /* Main.storyboard */; };
		8A146CA22776ED2200220F40 /* Assets.xcassets in Resources */ = {isa = PBXBuildFile; fileRef = 8A146CA12776ED2200220F40 /* Assets.xcassets */; };
		8A146CA52776ED2200220F40 /* LaunchScreen.storyboard in Resources */ = {isa = PBXBuildFile; fileRef = 8A146CA32776ED2200220F40 /* LaunchScreen.storyboard */; };
		8A146CAD2776EE2200220F40 /* Model.swift in Sources */ = {isa = PBXBuildFile; fileRef = 8A146CAC2776EE2200220F40 /* Model.swift */; };
		8A146CAF2776EE4F00220F40 /* ViewModel.swift in Sources */ = {isa = PBXBuildFile; fileRef = 8A146CAE2776EE4F00220F40 /* ViewModel.swift */; };
		BC5E5B25D6E0EA26CE2B391F /* Pods_PracticeRxSwift.framework in Frameworks */ = {isa = PBXBuildFile; fileRef = 88B072E1475E90D954FF423F /* Pods_PracticeRxSwift.framework */; };
/* End PBXBuildFile section */

/* Begin PBXFileReference section */
		227B18CDBDDC0E4AC90782C2 /* Pods-PracticeRxSwift.debug.xcconfig */ = {isa = PBXFileReference; includeInIndex = 1; lastKnownFileType = text.xcconfig; name = "Pods-PracticeRxSwift.debug.xcconfig"; path = "Target Support Files/Pods-PracticeRxSwift/Pods-PracticeRxSwift.debug.xcconfig"; sourceTree = "<group>"; };
		88B072E1475E90D954FF423F /* Pods_PracticeRxSwift.framework */ = {isa = PBXFileReference; explicitFileType = wrapper.framework; includeInIndex = 0; path = Pods_PracticeRxSwift.framework; sourceTree = BUILT_PRODUCTS_DIR; };
		8A146C952776ED2000220F40 /* PracticeRxSwift.app */ = {isa = PBXFileReference; explicitFileType = wrapper.application; includeInIndex = 0; path = PracticeRxSwift.app; sourceTree = BUILT_PRODUCTS_DIR; };
		8A146C982776ED2000220F40 /* AppDelegate.swift */ = {isa = PBXFileReference; lastKnownFileType = sourcecode.swift; path = AppDelegate.swift; sourceTree = "<group>"; };
		8A146C9A2776ED2000220F40 /* SceneDelegate.swift */ = {isa = PBXFileReference; lastKnownFileType = sourcecode.swift; path = SceneDelegate.swift; sourceTree = "<group>"; };
		8A146C9C2776ED2000220F40 /* ViewController.swift */ = {isa = PBXFileReference; lastKnownFileType = sourcecode.swift; path = ViewController.swift; sourceTree = "<group>"; };
		8A146C9F2776ED2000220F40 /* Base */ = {isa = PBXFileReference; lastKnownFileType = file.storyboard; name = Base; path = Base.lproj/Main.storyboard; sourceTree = "<group>"; };
		8A146CA12776ED2200220F40 /* Assets.xcassets */ = {isa = PBXFileReference; lastKnownFileType = folder.assetcatalog; path = Assets.xcassets; sourceTree = "<group>"; };
		8A146CA42776ED2200220F40 /* Base */ = {isa = PBXFileReference; lastKnownFileType = file.storyboard; name = Base; path = Base.lproj/LaunchScreen.storyboard; sourceTree = "<group>"; };
		8A146CA62776ED2200220F40 /* Info.plist */ = {isa = PBXFileReference; lastKnownFileType = text.plist.xml; path = Info.plist; sourceTree = "<group>"; };
		8A146CAC2776EE2200220F40 /* Model.swift */ = {isa = PBXFileReference; lastKnownFileType = sourcecode.swift; path = Model.swift; sourceTree = "<group>"; };
		8A146CAE2776EE4F00220F40 /* ViewModel.swift */ = {isa = PBXFileReference; lastKnownFileType = sourcecode.swift; path = ViewModel.swift; sourceTree = "<group>"; };
		DF39908C27C2DCB0B42C4C94 /* Pods-PracticeRxSwift.release.xcconfig */ = {isa = PBXFileReference; includeInIndex = 1; lastKnownFileType = text.xcconfig; name = "Pods-PracticeRxSwift.release.xcconfig"; path = "Target Support Files/Pods-PracticeRxSwift/Pods-PracticeRxSwift.release.xcconfig"; sourceTree = "<group>"; };
/* End PBXFileReference section */

/* Begin PBXFrameworksBuildPhase section */
		8A146C922776ED2000220F40 /* Frameworks */ = {
			isa = PBXFrameworksBuildPhase;
			buildActionMask = 2147483647;
			files = (
				BC5E5B25D6E0EA26CE2B391F /* Pods_PracticeRxSwift.framework in Frameworks */,
			);
			runOnlyForDeploymentPostprocessing = 0;
		};
/* End PBXFrameworksBuildPhase section */

/* Begin PBXGroup section */
		8A146C8C2776ED2000220F40 = {
			isa = PBXGroup;
			children = (
				8A146C972776ED2000220F40 /* PracticeRxSwift */,
				8A146C962776ED2000220F40 /* Products */,
				CDDC842511207977A5D59612 /* Pods */,
				D814A0D441FFB8A9F4245F2D /* Frameworks */,
			);
			sourceTree = "<group>";
		};
		8A146C962776ED2000220F40 /* Products */ = {
			isa = PBXGroup;
			children = (
				8A146C952776ED2000220F40 /* PracticeRxSwift.app */,
			);
			name = Products;
			sourceTree = "<group>";
		};
		8A146C972776ED2000220F40 /* PracticeRxSwift */ = {
			isa = PBXGroup;
			children = (
				8A146C982776ED2000220F40 /* AppDelegate.swift */,
				8A146C9A2776ED2000220F40 /* SceneDelegate.swift */,
				8A146CAC2776EE2200220F40 /* Model.swift */,
				8A146C9C2776ED2000220F40 /* ViewController.swift */,
				8A146CAE2776EE4F00220F40 /* ViewModel.swift */,
				8A146C9E2776ED2000220F40 /* Main.storyboard */,
				8A146CA12776ED2200220F40 /* Assets.xcassets */,
				8A146CA32776ED2200220F40 /* LaunchScreen.storyboard */,
				8A146CA62776ED2200220F40 /* Info.plist */,
			);
			path = PracticeRxSwift;
			sourceTree = "<group>";
		};
		CDDC842511207977A5D59612 /* Pods */ = {
			isa = PBXGroup;
			children = (
				227B18CDBDDC0E4AC90782C2 /* Pods-PracticeRxSwift.debug.xcconfig */,
				DF39908C27C2DCB0B42C4C94 /* Pods-PracticeRxSwift.release.xcconfig */,
			);
			path = Pods;
			sourceTree = "<group>";
		};
		D814A0D441FFB8A9F4245F2D /* Frameworks */ = {
			isa = PBXGroup;
			children = (
				88B072E1475E90D954FF423F /* Pods_PracticeRxSwift.framework */,
			);
			name = Frameworks;
			sourceTree = "<group>";
		};
/* End PBXGroup section */

/* Begin PBXNativeTarget section */
		8A146C942776ED2000220F40 /* PracticeRxSwift */ = {
			isa = PBXNativeTarget;
			buildConfigurationList = 8A146CA92776ED2200220F40 /* Build configuration list for PBXNativeTarget "PracticeRxSwift" */;
			buildPhases = (
				364B5E0A260EDBD6A39F23C7 /* [CP] Check Pods Manifest.lock */,
				8A146C912776ED2000220F40 /* Sources */,
				8A146C922776ED2000220F40 /* Frameworks */,
				8A146C932776ED2000220F40 /* Resources */,
				F3AE2F8FF57E3B1530FC9FBC /* [CP] Embed Pods Frameworks */,
			);
			buildRules = (
			);
			dependencies = (
			);
			name = PracticeRxSwift;
			productName = PracticeRxSwift;
			productReference = 8A146C952776ED2000220F40 /* PracticeRxSwift.app */;
			productType = "com.apple.product-type.application";
		};
/* End PBXNativeTarget section */

/* Begin PBXProject section */
		8A146C8D2776ED2000220F40 /* Project object */ = {
			isa = PBXProject;
			attributes = {
				BuildIndependentTargetsInParallel = 1;
				LastSwiftUpdateCheck = 1310;
				LastUpgradeCheck = 1310;
				TargetAttributes = {
					8A146C942776ED2000220F40 = {
						CreatedOnToolsVersion = 13.1;
					};
				};
			};
			buildConfigurationList = 8A146C902776ED2000220F40 /* Build configuration list for PBXProject "PracticeRxSwift" */;
			compatibilityVersion = "Xcode 13.0";
			developmentRegion = en;
			hasScannedForEncodings = 0;
			knownRegions = (
				en,
				Base,
			);
			mainGroup = 8A146C8C2776ED2000220F40;
			productRefGroup = 8A146C962776ED2000220F40 /* Products */;
			projectDirPath = "";
			projectRoot = "";
			targets = (
				8A146C942776ED2000220F40 /* PracticeRxSwift */,
			);
		};
/* End PBXProject section */

/* Begin PBXResourcesBuildPhase section */
		8A146C932776ED2000220F40 /* Resources */ = {
			isa = PBXResourcesBuildPhase;
			buildActionMask = 2147483647;
			files = (
				8A146CA52776ED2200220F40 /* LaunchScreen.storyboard in Resources */,
				8A146CA22776ED2200220F40 /* Assets.xcassets in Resources */,
				8A146CA02776ED2000220F40 /* Main.storyboard in Resources */,
			);
			runOnlyForDeploymentPostprocessing = 0;
		};
/* End PBXResourcesBuildPhase section */

/* Begin PBXShellScriptBuildPhase section */
		364B5E0A260EDBD6A39F23C7 /* [CP] Check Pods Manifest.lock */ = {
			isa = PBXShellScriptBuildPhase;
			buildActionMask = 2147483647;
			files = (
			);
			inputFileListPaths = (
			);
			inputPaths = (
				"${PODS_PODFILE_DIR_PATH}/Podfile.lock",
				"${PODS_ROOT}/Manifest.lock",
			);
			name = "[CP] Check Pods Manifest.lock";
			outputFileListPaths = (
			);
			outputPaths = (
				"$(DERIVED_FILE_DIR)/Pods-PracticeRxSwift-checkManifestLockResult.txt",
			);
			runOnlyForDeploymentPostprocessing = 0;
			shellPath = /bin/sh;
			shellScript = "diff \"${PODS_PODFILE_DIR_PATH}/Podfile.lock\" \"${PODS_ROOT}/Manifest.lock\" > /dev/null\nif [ $? != 0 ] ; then\n    # print error to STDERR\n    echo \"error: The sandbox is not in sync with the Podfile.lock. Run 'pod install' or update your CocoaPods installation.\" >&2\n    exit 1\nfi\n# This output is used by Xcode 'outputs' to avoid re-running this script phase.\necho \"SUCCESS\" > \"${SCRIPT_OUTPUT_FILE_0}\"\n";
			showEnvVarsInLog = 0;
		};
		F3AE2F8FF57E3B1530FC9FBC /* [CP] Embed Pods Frameworks */ = {
			isa = PBXShellScriptBuildPhase;
			buildActionMask = 2147483647;
			files = (
			);
			inputFileListPaths = (
				"${PODS_ROOT}/Target Support Files/Pods-PracticeRxSwift/Pods-PracticeRxSwift-frameworks-${CONFIGURATION}-input-files.xcfilelist",
			);
			name = "[CP] Embed Pods Frameworks";
			outputFileListPaths = (
				"${PODS_ROOT}/Target Support Files/Pods-PracticeRxSwift/Pods-PracticeRxSwift-frameworks-${CONFIGURATION}-output-files.xcfilelist",
			);
			runOnlyForDeploymentPostprocessing = 0;
			shellPath = /bin/sh;
			shellScript = "\"${PODS_ROOT}/Target Support Files/Pods-PracticeRxSwift/Pods-PracticeRxSwift-frameworks.sh\"\n";
			showEnvVarsInLog = 0;
		};
/* End PBXShellScriptBuildPhase section */

/* Begin PBXSourcesBuildPhase section */
		8A146C912776ED2000220F40 /* Sources */ = {
			isa = PBXSourcesBuildPhase;
			buildActionMask = 2147483647;
			files = (
				8A146CAF2776EE4F00220F40 /* ViewModel.swift in Sources */,
				8A146C9D2776ED2000220F40 /* ViewController.swift in Sources */,
				8A146C992776ED2000220F40 /* AppDelegate.swift in Sources */,
				8A146C9B2776ED2000220F40 /* SceneDelegate.swift in Sources */,
				8A146CAD2776EE2200220F40 /* Model.swift in Sources */,
			);
			runOnlyForDeploymentPostprocessing = 0;
		};
/* End PBXSourcesBuildPhase section */

/* Begin PBXVariantGroup section */
		8A146C9E2776ED2000220F40 /* Main.storyboard */ = {
			isa = PBXVariantGroup;
			children = (
				8A146C9F2776ED2000220F40 /* Base */,
			);
			name = Main.storyboard;
			sourceTree = "<group>";
		};
		8A146CA32776ED2200220F40 /* LaunchScreen.storyboard */ = {
			isa = PBXVariantGroup;
			children = (
				8A146CA42776ED2200220F40 /* Base */,
			);
			name = LaunchScreen.storyboard;
			sourceTree = "<group>";
		};
/* End PBXVariantGroup section */

/* Begin XCBuildConfiguration section */
		8A146CA72776ED2200220F40 /* Debug */ = {
			isa = XCBuildConfiguration;
			buildSettings = {
				ALWAYS_SEARCH_USER_PATHS = NO;
				CLANG_ANALYZER_NONNULL = YES;
				CLANG_ANALYZER_NUMBER_OBJECT_CONVERSION = YES_AGGRESSIVE;
				CLANG_CXX_LANGUAGE_STANDARD = "gnu++17";
				CLANG_CXX_LIBRARY = "libc++";
				CLANG_ENABLE_MODULES = YES;
				CLANG_ENABLE_OBJC_ARC = YES;
				CLANG_ENABLE_OBJC_WEAK = YES;
				CLANG_WARN_BLOCK_CAPTURE_AUTORELEASING = YES;
				CLANG_WARN_BOOL_CONVERSION = YES;
				CLANG_WARN_COMMA = YES;
				CLANG_WARN_CONSTANT_CONVERSION = YES;
				CLANG_WARN_DEPRECATED_OBJC_IMPLEMENTATIONS = YES;
				CLANG_WARN_DIRECT_OBJC_ISA_USAGE = YES_ERROR;
				CLANG_WARN_DOCUMENTATION_COMMENTS = YES;
				CLANG_WARN_EMPTY_BODY = YES;
				CLANG_WARN_ENUM_CONVERSION = YES;
				CLANG_WARN_INFINITE_RECURSION = YES;
				CLANG_WARN_INT_CONVERSION = YES;
				CLANG_WARN_NON_LITERAL_NULL_CONVERSION = YES;
				CLANG_WARN_OBJC_IMPLICIT_RETAIN_SELF = YES;
				CLANG_WARN_OBJC_LITERAL_CONVERSION = YES;
				CLANG_WARN_OBJC_ROOT_CLASS = YES_ERROR;
				CLANG_WARN_QUOTED_INCLUDE_IN_FRAMEWORK_HEADER = YES;
				CLANG_WARN_RANGE_LOOP_ANALYSIS = YES;
				CLANG_WARN_STRICT_PROTOTYPES = YES;
				CLANG_WARN_SUSPICIOUS_MOVE = YES;
				CLANG_WARN_UNGUARDED_AVAILABILITY = YES_AGGRESSIVE;
				CLANG_WARN_UNREACHABLE_CODE = YES;
				CLANG_WARN__DUPLICATE_METHOD_MATCH = YES;
				COPY_PHASE_STRIP = NO;
				DEBUG_INFORMATION_FORMAT = dwarf;
				ENABLE_STRICT_OBJC_MSGSEND = YES;
				ENABLE_TESTABILITY = YES;
				GCC_C_LANGUAGE_STANDARD = gnu11;
				GCC_DYNAMIC_NO_PIC = NO;
				GCC_NO_COMMON_BLOCKS = YES;
				GCC_OPTIMIZATION_LEVEL = 0;
				GCC_PREPROCESSOR_DEFINITIONS = (
					"DEBUG=1",
					"$(inherited)",
				);
				GCC_WARN_64_TO_32_BIT_CONVERSION = YES;
				GCC_WARN_ABOUT_RETURN_TYPE = YES_ERROR;
				GCC_WARN_UNDECLARED_SELECTOR = YES;
				GCC_WARN_UNINITIALIZED_AUTOS = YES_AGGRESSIVE;
				GCC_WARN_UNUSED_FUNCTION = YES;
				GCC_WARN_UNUSED_VARIABLE = YES;
				IPHONEOS_DEPLOYMENT_TARGET = 15.0;
				MTL_ENABLE_DEBUG_INFO = INCLUDE_SOURCE;
				MTL_FAST_MATH = YES;
				ONLY_ACTIVE_ARCH = YES;
				SDKROOT = iphoneos;
				SWIFT_ACTIVE_COMPILATION_CONDITIONS = DEBUG;
				SWIFT_OPTIMIZATION_LEVEL = "-Onone";
			};
			name = Debug;
		};
		8A146CA82776ED2200220F40 /* Release */ = {
			isa = XCBuildConfiguration;
			buildSettings = {
				ALWAYS_SEARCH_USER_PATHS = NO;
				CLANG_ANALYZER_NONNULL = YES;
				CLANG_ANALYZER_NUMBER_OBJECT_CONVERSION = YES_AGGRESSIVE;
				CLANG_CXX_LANGUAGE_STANDARD = "gnu++17";
				CLANG_CXX_LIBRARY = "libc++";
				CLANG_ENABLE_MODULES = YES;
				CLANG_ENABLE_OBJC_ARC = YES;
				CLANG_ENABLE_OBJC_WEAK = YES;
				CLANG_WARN_BLOCK_CAPTURE_AUTORELEASING = YES;
				CLANG_WARN_BOOL_CONVERSION = YES;
				CLANG_WARN_COMMA = YES;
				CLANG_WARN_CONSTANT_CONVERSION = YES;
				CLANG_WARN_DEPRECATED_OBJC_IMPLEMENTATIONS = YES;
				CLANG_WARN_DIRECT_OBJC_ISA_USAGE = YES_ERROR;
				CLANG_WARN_DOCUMENTATION_COMMENTS = YES;
				CLANG_WARN_EMPTY_BODY = YES;
				CLANG_WARN_ENUM_CONVERSION = YES;
				CLANG_WARN_INFINITE_RECURSION = YES;
				CLANG_WARN_INT_CONVERSION = YES;
				CLANG_WARN_NON_LITERAL_NULL_CONVERSION = YES;
				CLANG_WARN_OBJC_IMPLICIT_RETAIN_SELF = YES;
				CLANG_WARN_OBJC_LITERAL_CONVERSION = YES;
				CLANG_WARN_OBJC_ROOT_CLASS = YES_ERROR;
				CLANG_WARN_QUOTED_INCLUDE_IN_FRAMEWORK_HEADER = YES;
				CLANG_WARN_RANGE_LOOP_ANALYSIS = YES;
				CLANG_WARN_STRICT_PROTOTYPES = YES;
				CLANG_WARN_SUSPICIOUS_MOVE = YES;
				CLANG_WARN_UNGUARDED_AVAILABILITY = YES_AGGRESSIVE;
				CLANG_WARN_UNREACHABLE_CODE = YES;
				CLANG_WARN__DUPLICATE_METHOD_MATCH = YES;
				COPY_PHASE_STRIP = NO;
				DEBUG_INFORMATION_FORMAT = "dwarf-with-dsym";
				ENABLE_NS_ASSERTIONS = NO;
				ENABLE_STRICT_OBJC_MSGSEND = YES;
				GCC_C_LANGUAGE_STANDARD = gnu11;
				GCC_NO_COMMON_BLOCKS = YES;
				GCC_WARN_64_TO_32_BIT_CONVERSION = YES;
				GCC_WARN_ABOUT_RETURN_TYPE = YES_ERROR;
				GCC_WARN_UNDECLARED_SELECTOR = YES;
				GCC_WARN_UNINITIALIZED_AUTOS = YES_AGGRESSIVE;
				GCC_WARN_UNUSED_FUNCTION = YES;
				GCC_WARN_UNUSED_VARIABLE = YES;
				IPHONEOS_DEPLOYMENT_TARGET = 15.0;
				MTL_ENABLE_DEBUG_INFO = NO;
				MTL_FAST_MATH = YES;
				SDKROOT = iphoneos;
				SWIFT_COMPILATION_MODE = wholemodule;
				SWIFT_OPTIMIZATION_LEVEL = "-O";
				VALIDATE_PRODUCT = YES;
			};
			name = Release;
		};
		8A146CAA2776ED2200220F40 /* Debug */ = {
			isa = XCBuildConfiguration;
			baseConfigurationReference = 227B18CDBDDC0E4AC90782C2 /* Pods-PracticeRxSwift.debug.xcconfig */;
			buildSettings = {
				ASSETCATALOG_COMPILER_APPICON_NAME = AppIcon;
				ASSETCATALOG_COMPILER_GLOBAL_ACCENT_COLOR_NAME = AccentColor;
				CODE_SIGN_STYLE = Automatic;
				CURRENT_PROJECT_VERSION = 1;
				DEVELOPMENT_TEAM = 827H72CABH;
				GENERATE_INFOPLIST_FILE = YES;
				INFOPLIST_FILE = PracticeRxSwift/Info.plist;
				INFOPLIST_KEY_UIApplicationSupportsIndirectInputEvents = YES;
				INFOPLIST_KEY_UILaunchStoryboardName = LaunchScreen;
				INFOPLIST_KEY_UIMainStoryboardFile = Main;
				INFOPLIST_KEY_UISupportedInterfaceOrientations_iPad = "UIInterfaceOrientationPortrait UIInterfaceOrientationPortraitUpsideDown UIInterfaceOrientationLandscapeLeft UIInterfaceOrientationLandscapeRight";
				INFOPLIST_KEY_UISupportedInterfaceOrientations_iPhone = "UIInterfaceOrientationPortrait UIInterfaceOrientationLandscapeLeft UIInterfaceOrientationLandscapeRight";
				LD_RUNPATH_SEARCH_PATHS = (
					"$(inherited)",
					"@executable_path/Frameworks",
				);
				MARKETING_VERSION = 1.0;
				PRODUCT_BUNDLE_IDENTIFIER = com.koichi.PracticeRxSwift;
				PRODUCT_NAME = "$(TARGET_NAME)";
				SWIFT_EMIT_LOC_STRINGS = YES;
				SWIFT_VERSION = 5.0;
				TARGETED_DEVICE_FAMILY = "1,2";
			};
			name = Debug;
		};
		8A146CAB2776ED2200220F40 /* Release */ = {
			isa = XCBuildConfiguration;
			baseConfigurationReference = DF39908C27C2DCB0B42C4C94 /* Pods-PracticeRxSwift.release.xcconfig */;
			buildSettings = {
				ASSETCATALOG_COMPILER_APPICON_NAME = AppIcon;
				ASSETCATALOG_COMPILER_GLOBAL_ACCENT_COLOR_NAME = AccentColor;
				CODE_SIGN_STYLE = Automatic;
				CURRENT_PROJECT_VERSION = 1;
				DEVELOPMENT_TEAM = 827H72CABH;
				GENERATE_INFOPLIST_FILE = YES;
				INFOPLIST_FILE = PracticeRxSwift/Info.plist;
				INFOPLIST_KEY_UIApplicationSupportsIndirectInputEvents = YES;
				INFOPLIST_KEY_UILaunchStoryboardName = LaunchScreen;
				INFOPLIST_KEY_UIMainStoryboardFile = Main;
				INFOPLIST_KEY_UISupportedInterfaceOrientations_iPad = "UIInterfaceOrientationPortrait UIInterfaceOrientationPortraitUpsideDown UIInterfaceOrientationLandscapeLeft UIInterfaceOrientationLandscapeRight";
				INFOPLIST_KEY_UISupportedInterfaceOrientations_iPhone = "UIInterfaceOrientationPortrait UIInterfaceOrientationLandscapeLeft UIInterfaceOrientationLandscapeRight";
				LD_RUNPATH_SEARCH_PATHS = (
					"$(inherited)",
					"@executable_path/Frameworks",
				);
				MARKETING_VERSION = 1.0;
				PRODUCT_BUNDLE_IDENTIFIER = com.koichi.PracticeRxSwift;
				PRODUCT_NAME = "$(TARGET_NAME)";
				SWIFT_EMIT_LOC_STRINGS = YES;
				SWIFT_VERSION = 5.0;
				TARGETED_DEVICE_FAMILY = "1,2";
			};
			name = Release;
		};
/* End XCBuildConfiguration section */

/* Begin XCConfigurationList section */
		8A146C902776ED2000220F40 /* Build configuration list for PBXProject "PracticeRxSwift" */ = {
			isa = XCConfigurationList;
			buildConfigurations = (
				8A146CA72776ED2200220F40 /* Debug */,
				8A146CA82776ED2200220F40 /* Release */,
			);
			defaultConfigurationIsVisible = 0;
			defaultConfigurationName = Release;
		};
		8A146CA92776ED2200220F40 /* Build configuration list for PBXNativeTarget "PracticeRxSwift" */ = {
			isa = XCConfigurationList;
			buildConfigurations = (
				8A146CAA2776ED2200220F40 /* Debug */,
				8A146CAB2776ED2200220F40 /* Release */,
			);
			defaultConfigurationIsVisible = 0;
			defaultConfigurationName = Release;
		};
/* End XCConfigurationList section */
	};
	rootObject = 8A146C8D2776ED2000220F40 /* Project object */;
}
